
Microsoft Visual Studio Solution File, Format Version 12.00
# Visual Studio Version 17
VisualStudioVersion = 17.3.32901.215
MinimumVisualStudioVersion = 10.0.40219.1
Project("{9A19103F-16F7-4668-BE54-9A1E7A4F7556}") = "CommandLine-App", "CommandLine-App\CommandLine-App.csproj", "{2431B2DB-31A8-438D-8264-834F0AAE3872}"
EndProject
Project("{9A19103F-16F7-4668-BE54-9A1E7A4F7556}") = "CommandLine-AppTests", "CommandLine-AppTests\CommandLine-AppTests.csproj", "{A4C63528-1B32-4A35-93DC-F8C57FBC9975}"
EndProject
Global
	GlobalSection(SolutionConfigurationPlatforms) = preSolution
		Debug|Any CPU = Debug|Any CPU
		Debug|x64 = Debug|x64
		Release|Any CPU = Release|Any CPU
		Release|x64 = Release|x64
	EndGlobalSection
	GlobalSection(ProjectConfigurationPlatforms) = postSolution
		{2431B2DB-31A8-438D-8264-834F0AAE3872}.Debug|Any CPU.ActiveCfg = Debug|Any CPU
		{2431B2DB-31A8-438D-8264-834F0AAE3872}.Debug|Any CPU.Build.0 = Debug|Any CPU
		{2431B2DB-31A8-438D-8264-834F0AAE3872}.Debug|x64.ActiveCfg = Debug|x64
		{2431B2DB-31A8-438D-8264-834F0AAE3872}.Debug|x64.Build.0 = Debug|x64
		{2431B2DB-31A8-438D-8264-834F0AAE3872}.Release|Any CPU.ActiveCfg = Release|Any CPU
		{2431B2DB-31A8-438D-8264-834F0AAE3872}.Release|Any CPU.Build.0 = Release|Any CPU
		{2431B2DB-31A8-438D-8264-834F0AAE3872}.Release|x64.ActiveCfg = Release|x64
		{2431B2DB-31A8-438D-8264-834F0AAE3872}.Release|x64.Build.0 = Release|x64
		{A4C63528-1B32-4A35-93DC-F8C57FBC9975}.Debug|Any CPU.ActiveCfg = Debug|Any CPU
		{A4C63528-1B32-4A35-93DC-F8C57FBC9975}.Debug|Any CPU.Build.0 = Debug|Any CPU
		{A4C63528-1B32-4A35-93DC-F8C57FBC9975}.Debug|x64.ActiveCfg = Debug|Any CPU
		{A4C63528-1B32-4A35-93DC-F8C57FBC9975}.Debug|x64.Build.0 = Debug|Any CPU
		{A4C63528-1B32-4A35-93DC-F8C57FBC9975}.Release|Any CPU.ActiveCfg = Release|Any CPU
		{A4C63528-1B32-4A35-93DC-F8C57FBC9975}.Release|Any CPU.Build.0 = Release|Any CPU
		{A4C63528-1B32-4A35-93DC-F8C57FBC9975}.Release|x64.ActiveCfg = Release|Any CPU
		{A4C63528-1B32-4A35-93DC-F8C57FBC9975}.Release|x64.Build.0 = Release|Any CPU
	EndGlobalSection
	GlobalSection(SolutionProperties) = preSolution
		HideSolutionNode = FALSE
	EndGlobalSection
	GlobalSection(ExtensibilityGlobals) = postSolution
		SolutionGuid = {FC68BCD5-EE72-451F-9C6E-9417AB144054}
	EndGlobalSection
EndGlobal
